
Microsoft Visual Studio Solution File, Format Version 10.00
# Visual Studio 2008
Project("{F184B08F-C81C-45F6-A57F-5ABD9991F28F}") = "VJoyDemo", "VJoyDemo.vbproj", "{D0DCBFAA-8EDD-4E50-BC0A-7D3C6CE86608}"
EndProject
Global
	GlobalSection(SolutionConfigurationPlatforms) = preSolution
		Debug|Any CPU = Debug|Any CPU
		Debug|x86 = Debug|x86
		Release|Any CPU = Release|Any CPU
		Release|x86 = Release|x86
	EndGlobalSection
	GlobalSection(ProjectConfigurationPlatforms) = postSolution
		{D0DCBFAA-8EDD-4E50-BC0A-7D3C6CE86608}.Debug|Any CPU.ActiveCfg = Debug|Any CPU
		{D0DCBFAA-8EDD-4E50-BC0A-7D3C6CE86608}.Debug|Any CPU.Build.0 = Debug|Any CPU
		{D0DCBFAA-8EDD-4E50-BC0A-7D3C6CE86608}.Debug|x86.ActiveCfg = Debug|x86
		{D0DCBFAA-8EDD-4E50-BC0A-7D3C6CE86608}.Debug|x86.Build.0 = Debug|x86
		{D0DCBFAA-8EDD-4E50-BC0A-7D3C6CE86608}.Release|Any CPU.ActiveCfg = Release|Any CPU
		{D0DCBFAA-8EDD-4E50-BC0A-7D3C6CE86608}.Release|Any CPU.Build.0 = Release|Any CPU
		{D0DCBFAA-8EDD-4E50-BC0A-7D3C6CE86608}.Release|x86.ActiveCfg = Release|x86
		{D0DCBFAA-8EDD-4E50-BC0A-7D3C6CE86608}.Release|x86.Build.0 = Release|x86
	EndGlobalSection
	GlobalSection(SolutionProperties) = preSolution
		HideSolutionNode = FALSE
	EndGlobalSection
EndGlobal
